
Microsoft Visual Studio Solution File, Format Version 12.00
# Visual Studio Version 17
VisualStudioVersion = 17.13.35806.99 d17.13
MinimumVisualStudioVersion = 10.0.40219.1
Project("{8BC9CEB8-8B4A-11D0-8D11-00A0C91BC942}") = "SereneU", "SereneU\SereneU.vcxproj", "{6A4403AA-ACF8-4B7A-B29E-75ABB140BF4C}"
EndProject
Global
	GlobalSection(SolutionConfigurationPlatforms) = preSolution
		Debug|x64 = Debug|x64
		Release|x64 = Release|x64
	EndGlobalSection
	GlobalSection(ProjectConfigurationPlatforms) = postSolution
		{6A4403AA-ACF8-4B7A-B29E-75ABB140BF4C}.Debug|x64.ActiveCfg = Debug|x64
		{6A4403AA-ACF8-4B7A-B29E-75ABB140BF4C}.Debug|x64.Build.0 = Debug|x64
		{6A4403AA-ACF8-4B7A-B29E-75ABB140BF4C}.Release|x64.ActiveCfg = Release|x64
		{6A4403AA-ACF8-4B7A-B29E-75ABB140BF4C}.Release|x64.Build.0 = Release|x64
	EndGlobalSection
	GlobalSection(SolutionProperties) = preSolution
		HideSolutionNode = FALSE
	EndGlobalSection
	GlobalSection(ExtensibilityGlobals) = postSolution
		SolutionGuid = {92456DA0-837C-4EBA-B37D-DB5DCD72E4AB}
	EndGlobalSection
EndGlobal
